
Microsoft Visual Studio Solution File, Format Version 12.00
# Visual Studio Version 16
VisualStudioVersion = 16.0.29920.165
MinimumVisualStudioVersion = 10.0.40219.1
Project("{FAE04EC0-301F-11D3-BF4B-00C04F79EFBC}") = "CodeHub", "CodeHub.csproj", "{3BCDB197-202B-4164-82C4-1EC365214761}"
EndProject
Project("{FAE04EC0-301F-11D3-BF4B-00C04F79EFBC}") = "CodeHub.Tests", "..\CodeHub.Tests\CodeHub.Tests.csproj", "{9255AF5D-386F-4782-827E-2C0CC798C5E5}"
EndProject
Project("{FAE04EC0-301F-11D3-BF4B-00C04F79EFBC}") = "Blazor WebAssembly .NetCore 5.0", "..\Blazor WebAssembly .NetCore 5.0\Blazor WebAssembly .NetCore 5.0.csproj", "{96F57459-D6BC-4BAD-8E35-0EE2836B9BED}"
EndProject
Global
	GlobalSection(SolutionConfigurationPlatforms) = preSolution
		Debug|Any CPU = Debug|Any CPU
		Release|Any CPU = Release|Any CPU
	EndGlobalSection
	GlobalSection(ProjectConfigurationPlatforms) = postSolution
		{3BCDB197-202B-4164-82C4-1EC365214761}.Debug|Any CPU.ActiveCfg = Debug|Any CPU
		{3BCDB197-202B-4164-82C4-1EC365214761}.Debug|Any CPU.Build.0 = Debug|Any CPU
		{3BCDB197-202B-4164-82C4-1EC365214761}.Release|Any CPU.ActiveCfg = Release|Any CPU
		{3BCDB197-202B-4164-82C4-1EC365214761}.Release|Any CPU.Build.0 = Release|Any CPU
		{9255AF5D-386F-4782-827E-2C0CC798C5E5}.Debug|Any CPU.ActiveCfg = Debug|Any CPU
		{9255AF5D-386F-4782-827E-2C0CC798C5E5}.Debug|Any CPU.Build.0 = Debug|Any CPU
		{9255AF5D-386F-4782-827E-2C0CC798C5E5}.Release|Any CPU.ActiveCfg = Release|Any CPU
		{9255AF5D-386F-4782-827E-2C0CC798C5E5}.Release|Any CPU.Build.0 = Release|Any CPU
		{96F57459-D6BC-4BAD-8E35-0EE2836B9BED}.Debug|Any CPU.ActiveCfg = Debug|Any CPU
		{96F57459-D6BC-4BAD-8E35-0EE2836B9BED}.Debug|Any CPU.Build.0 = Debug|Any CPU
		{96F57459-D6BC-4BAD-8E35-0EE2836B9BED}.Release|Any CPU.ActiveCfg = Release|Any CPU
		{96F57459-D6BC-4BAD-8E35-0EE2836B9BED}.Release|Any CPU.Build.0 = Release|Any CPU
	EndGlobalSection
	GlobalSection(SolutionProperties) = preSolution
		HideSolutionNode = FALSE
	EndGlobalSection
	GlobalSection(ExtensibilityGlobals) = postSolution
		SolutionGuid = {C4200A21-6231-4AC8-A5A0-E68E5A67A116}
	EndGlobalSection
EndGlobal
