
Microsoft Visual Studio Solution File, Format Version 12.00
# Visual Studio Version 16
VisualStudioVersion = 16.0.29920.165
MinimumVisualStudioVersion = 10.0.40219.1
Project("{FAE04EC0-301F-11D3-BF4B-00C04F79EFBC}") = "CodeHub", "CodeHub.csproj", "{3BCDB197-202B-4164-82C4-1EC365214761}"
EndProject
Project("{FAE04EC0-301F-11D3-BF4B-00C04F79EFBC}") = "CodeHub.Tests", "..\CodeHub.Tests\CodeHub.Tests.csproj", "{9255AF5D-386F-4782-827E-2C0CC798C5E5}"
EndProject
Project("{2150E333-8FDC-42A3-9474-1A3956D46DE8}") = "BlazorWebAssembly.NetCore5.0", "BlazorWebAssembly.NetCore5.0", "{2B988605-F4B9-4593-882B-250C2144AE4F}"
EndProject
Project("{9A19103F-16F7-4668-BE54-9A1E7A4F7556}") = "BlazorWebAssemblyApp.Server", "..\BlazorWebAssemblyApp\Server\BlazorWebAssemblyApp.Server.csproj", "{EBDA1C47-04FB-4F84-A5A9-76F663A90126}"
EndProject
Project("{9A19103F-16F7-4668-BE54-9A1E7A4F7556}") = "BlazorWebAssemblyApp.Client", "..\BlazorWebAssemblyApp\Client\BlazorWebAssemblyApp.Client.csproj", "{AAC088D9-01C0-4B5E-851C-F6D9B9E9044C}"
EndProject
Project("{9A19103F-16F7-4668-BE54-9A1E7A4F7556}") = "BlazorWebAssemblyApp.Shared", "..\BlazorWebAssemblyApp\Shared\BlazorWebAssemblyApp.Shared.csproj", "{FD501A2F-6065-43F9-BDFB-4BAB358992AC}"
EndProject
Project("{9A19103F-16F7-4668-BE54-9A1E7A4F7556}") = "CodeHub.NetCore5", "..\CodeHub.NetCore5\CodeHub.NetCore5.csproj", "{15D22ED7-FF25-4109-96D0-EA2C5B19F442}"
EndProject
Global
	GlobalSection(SolutionConfigurationPlatforms) = preSolution
		Debug|Any CPU = Debug|Any CPU
		Release|Any CPU = Release|Any CPU
	EndGlobalSection
	GlobalSection(ProjectConfigurationPlatforms) = postSolution
		{3BCDB197-202B-4164-82C4-1EC365214761}.Debug|Any CPU.ActiveCfg = Debug|Any CPU
		{3BCDB197-202B-4164-82C4-1EC365214761}.Debug|Any CPU.Build.0 = Debug|Any CPU
		{3BCDB197-202B-4164-82C4-1EC365214761}.Release|Any CPU.ActiveCfg = Release|Any CPU
		{3BCDB197-202B-4164-82C4-1EC365214761}.Release|Any CPU.Build.0 = Release|Any CPU
		{9255AF5D-386F-4782-827E-2C0CC798C5E5}.Debug|Any CPU.ActiveCfg = Debug|Any CPU
		{9255AF5D-386F-4782-827E-2C0CC798C5E5}.Debug|Any CPU.Build.0 = Debug|Any CPU
		{9255AF5D-386F-4782-827E-2C0CC798C5E5}.Release|Any CPU.ActiveCfg = Release|Any CPU
		{9255AF5D-386F-4782-827E-2C0CC798C5E5}.Release|Any CPU.Build.0 = Release|Any CPU
		{EBDA1C47-04FB-4F84-A5A9-76F663A90126}.Debug|Any CPU.ActiveCfg = Debug|Any CPU
		{EBDA1C47-04FB-4F84-A5A9-76F663A90126}.Debug|Any CPU.Build.0 = Debug|Any CPU
		{EBDA1C47-04FB-4F84-A5A9-76F663A90126}.Release|Any CPU.ActiveCfg = Release|Any CPU
		{EBDA1C47-04FB-4F84-A5A9-76F663A90126}.Release|Any CPU.Build.0 = Release|Any CPU
		{AAC088D9-01C0-4B5E-851C-F6D9B9E9044C}.Debug|Any CPU.ActiveCfg = Debug|Any CPU
		{AAC088D9-01C0-4B5E-851C-F6D9B9E9044C}.Debug|Any CPU.Build.0 = Debug|Any CPU
		{AAC088D9-01C0-4B5E-851C-F6D9B9E9044C}.Release|Any CPU.ActiveCfg = Release|Any CPU
		{AAC088D9-01C0-4B5E-851C-F6D9B9E9044C}.Release|Any CPU.Build.0 = Release|Any CPU
		{FD501A2F-6065-43F9-BDFB-4BAB358992AC}.Debug|Any CPU.ActiveCfg = Debug|Any CPU
		{FD501A2F-6065-43F9-BDFB-4BAB358992AC}.Debug|Any CPU.Build.0 = Debug|Any CPU
		{FD501A2F-6065-43F9-BDFB-4BAB358992AC}.Release|Any CPU.ActiveCfg = Release|Any CPU
		{FD501A2F-6065-43F9-BDFB-4BAB358992AC}.Release|Any CPU.Build.0 = Release|Any CPU
		{15D22ED7-FF25-4109-96D0-EA2C5B19F442}.Debug|Any CPU.ActiveCfg = Debug|Any CPU
		{15D22ED7-FF25-4109-96D0-EA2C5B19F442}.Debug|Any CPU.Build.0 = Debug|Any CPU
		{15D22ED7-FF25-4109-96D0-EA2C5B19F442}.Release|Any CPU.ActiveCfg = Release|Any CPU
		{15D22ED7-FF25-4109-96D0-EA2C5B19F442}.Release|Any CPU.Build.0 = Release|Any CPU
	EndGlobalSection
	GlobalSection(SolutionProperties) = preSolution
		HideSolutionNode = FALSE
	EndGlobalSection
	GlobalSection(NestedProjects) = preSolution
		{EBDA1C47-04FB-4F84-A5A9-76F663A90126} = {2B988605-F4B9-4593-882B-250C2144AE4F}
		{AAC088D9-01C0-4B5E-851C-F6D9B9E9044C} = {2B988605-F4B9-4593-882B-250C2144AE4F}
		{FD501A2F-6065-43F9-BDFB-4BAB358992AC} = {2B988605-F4B9-4593-882B-250C2144AE4F}
	EndGlobalSection
	GlobalSection(ExtensibilityGlobals) = postSolution
		SolutionGuid = {C4200A21-6231-4AC8-A5A0-E68E5A67A116}
	EndGlobalSection
EndGlobal
