
Microsoft Visual Studio Solution File, Format Version 12.00
# Visual Studio Version 16
VisualStudioVersion = 16.0.29123.89
MinimumVisualStudioVersion = 10.0.40219.1
Project("{FAE04EC0-301F-11D3-BF4B-00C04F79EFBC}") = "CodeHub", "CodeHub.csproj", "{C8278F3E-7381-439D-B74A-66B3F783FA67}"
EndProject
Global
	GlobalSection(SolutionConfigurationPlatforms) = preSolution
		Debug|Any CPU = Debug|Any CPU
		Release|Any CPU = Release|Any CPU
	EndGlobalSection
	GlobalSection(ProjectConfigurationPlatforms) = postSolution
		{C8278F3E-7381-439D-B74A-66B3F783FA67}.Debug|Any CPU.ActiveCfg = Debug|Any CPU
		{C8278F3E-7381-439D-B74A-66B3F783FA67}.Debug|Any CPU.Build.0 = Debug|Any CPU
		{C8278F3E-7381-439D-B74A-66B3F783FA67}.Release|Any CPU.ActiveCfg = Release|Any CPU
		{C8278F3E-7381-439D-B74A-66B3F783FA67}.Release|Any CPU.Build.0 = Release|Any CPU
	EndGlobalSection
	GlobalSection(SolutionProperties) = preSolution
		HideSolutionNode = FALSE
	EndGlobalSection
	GlobalSection(ExtensibilityGlobals) = postSolution
		SolutionGuid = {BD398931-3244-4437-AA75-2438D48B3D62}
	EndGlobalSection
EndGlobal
